
Microsoft Visual Studio Solution File, Format Version 12.00
# Visual Studio Version 17
VisualStudioVersion = 17.0.32014.148
MinimumVisualStudioVersion = 10.0.40219.1
Project("{FAE04EC0-301F-11D3-BF4B-00C04F79EFBC}") = "ApiRequestAerisWeather", "ApiRequestAerisWeather\ApiRequestAerisWeather.csproj", "{0A6B1246-3870-4BBA-9162-5F65991BF901}"
EndProject
Global
	GlobalSection(SolutionConfigurationPlatforms) = preSolution
		Debug|Any CPU = Debug|Any CPU
		Release|Any CPU = Release|Any CPU
	EndGlobalSection
	GlobalSection(ProjectConfigurationPlatforms) = postSolution
		{0A6B1246-3870-4BBA-9162-5F65991BF901}.Debug|Any CPU.ActiveCfg = Debug|Any CPU
		{0A6B1246-3870-4BBA-9162-5F65991BF901}.Debug|Any CPU.Build.0 = Debug|Any CPU
		{0A6B1246-3870-4BBA-9162-5F65991BF901}.Release|Any CPU.ActiveCfg = Release|Any CPU
		{0A6B1246-3870-4BBA-9162-5F65991BF901}.Release|Any CPU.Build.0 = Release|Any CPU
	EndGlobalSection
	GlobalSection(SolutionProperties) = preSolution
		HideSolutionNode = FALSE
	EndGlobalSection
	GlobalSection(ExtensibilityGlobals) = postSolution
		SolutionGuid = {E1D9BC86-22CB-4097-A56F-9F0906459114}
	EndGlobalSection
EndGlobal
